
Microsoft Visual Studio Solution File, Format Version 12.00
# Visual Studio 14
VisualStudioVersion = 14.0.25420.1
MinimumVisualStudioVersion = 10.0.40219.1
Project("{FAE04EC0-301F-11D3-BF4B-00C04F79EFBC}") = "userNamePassApi", "userNamePassApi\userNamePassApi\userNamePassApi.csproj", "{D0AA820A-C407-40F3-BB26-00964755ECF8}"
EndProject
Project("{FAE04EC0-301F-11D3-BF4B-00C04F79EFBC}") = "userNamePassApi.Droid", "userNamePassApi\userNamePassApi.Droid\userNamePassApi.Droid.csproj", "{AEA573E0-B16F-48D8-A763-583CD5D692DB}"
EndProject
Project("{FAE04EC0-301F-11D3-BF4B-00C04F79EFBC}") = "userNamePassApi.iOS", "userNamePassApi\userNamePassApi.iOS\userNamePassApi.iOS.csproj", "{2D3716E7-55DD-4DA9-AAF9-C1F2B90085D0}"
EndProject
Project("{FAE04EC0-301F-11D3-BF4B-00C04F79EFBC}") = "userNamePassApi.WinPhone", "userNamePassApi\userNamePassApi.WinPhone\userNamePassApi.WinPhone.csproj", "{40D7897D-722D-46C2-AA38-FB9954518647}"
EndProject
Project("{FAE04EC0-301F-11D3-BF4B-00C04F79EFBC}") = "userNamePassApi.Windows", "userNamePassApi\userNamePassApi.Windows\userNamePassApi.Windows.csproj", "{163B29DB-49FD-466A-AC34-01BDCB8C20FB}"
EndProject
Global
	GlobalSection(SolutionConfigurationPlatforms) = preSolution
		Ad-Hoc|Any CPU = Ad-Hoc|Any CPU
		Ad-Hoc|ARM = Ad-Hoc|ARM
		Ad-Hoc|iPhone = Ad-Hoc|iPhone
		Ad-Hoc|iPhoneSimulator = Ad-Hoc|iPhoneSimulator
		Ad-Hoc|x64 = Ad-Hoc|x64
		Ad-Hoc|x86 = Ad-Hoc|x86
		AppStore|Any CPU = AppStore|Any CPU
		AppStore|ARM = AppStore|ARM
		AppStore|iPhone = AppStore|iPhone
		AppStore|iPhoneSimulator = AppStore|iPhoneSimulator
		AppStore|x64 = AppStore|x64
		AppStore|x86 = AppStore|x86
		Debug|Any CPU = Debug|Any CPU
		Debug|ARM = Debug|ARM
		Debug|iPhone = Debug|iPhone
		Debug|iPhoneSimulator = Debug|iPhoneSimulator
		Debug|x64 = Debug|x64
		Debug|x86 = Debug|x86
		Release|Any CPU = Release|Any CPU
		Release|ARM = Release|ARM
		Release|iPhone = Release|iPhone
		Release|iPhoneSimulator = Release|iPhoneSimulator
		Release|x64 = Release|x64
		Release|x86 = Release|x86
	EndGlobalSection
	GlobalSection(ProjectConfigurationPlatforms) = postSolution
		{D0AA820A-C407-40F3-BB26-00964755ECF8}.Ad-Hoc|Any CPU.ActiveCfg = Release|Any CPU
		{D0AA820A-C407-40F3-BB26-00964755ECF8}.Ad-Hoc|Any CPU.Build.0 = Release|Any CPU
		{D0AA820A-C407-40F3-BB26-00964755ECF8}.Ad-Hoc|ARM.ActiveCfg = Release|Any CPU
		{D0AA820A-C407-40F3-BB26-00964755ECF8}.Ad-Hoc|ARM.Build.0 = Release|Any CPU
		{D0AA820A-C407-40F3-BB26-00964755ECF8}.Ad-Hoc|iPhone.ActiveCfg = Release|Any CPU
		{D0AA820A-C407-40F3-BB26-00964755ECF8}.Ad-Hoc|iPhone.Build.0 = Release|Any CPU
		{D0AA820A-C407-40F3-BB26-00964755ECF8}.Ad-Hoc|iPhoneSimulator.ActiveCfg = Release|Any CPU
		{D0AA820A-C407-40F3-BB26-00964755ECF8}.Ad-Hoc|iPhoneSimulator.Build.0 = Release|Any CPU
		{D0AA820A-C407-40F3-BB26-00964755ECF8}.Ad-Hoc|x64.ActiveCfg = Release|Any CPU
		{D0AA820A-C407-40F3-BB26-00964755ECF8}.Ad-Hoc|x64.Build.0 = Release|Any CPU
		{D0AA820A-C407-40F3-BB26-00964755ECF8}.Ad-Hoc|x86.ActiveCfg = Release|Any CPU
		{D0AA820A-C407-40F3-BB26-00964755ECF8}.Ad-Hoc|x86.Build.0 = Release|Any CPU
		{D0AA820A-C407-40F3-BB26-00964755ECF8}.AppStore|Any CPU.ActiveCfg = Release|Any CPU
		{D0AA820A-C407-40F3-BB26-00964755ECF8}.AppStore|Any CPU.Build.0 = Release|Any CPU
		{D0AA820A-C407-40F3-BB26-00964755ECF8}.AppStore|ARM.ActiveCfg = Release|Any CPU
		{D0AA820A-C407-40F3-BB26-00964755ECF8}.AppStore|ARM.Build.0 = Release|Any CPU
		{D0AA820A-C407-40F3-BB26-00964755ECF8}.AppStore|iPhone.ActiveCfg = Release|Any CPU
		{D0AA820A-C407-40F3-BB26-00964755ECF8}.AppStore|iPhone.Build.0 = Release|Any CPU
		{D0AA820A-C407-40F3-BB26-00964755ECF8}.AppStore|iPhoneSimulator.ActiveCfg = Release|Any CPU
		{D0AA820A-C407-40F3-BB26-00964755ECF8}.AppStore|iPhoneSimulator.Build.0 = Release|Any CPU
		{D0AA820A-C407-40F3-BB26-00964755ECF8}.AppStore|x64.ActiveCfg = Release|Any CPU
		{D0AA820A-C407-40F3-BB26-00964755ECF8}.AppStore|x64.Build.0 = Release|Any CPU
		{D0AA820A-C407-40F3-BB26-00964755ECF8}.AppStore|x86.ActiveCfg = Release|Any CPU
		{D0AA820A-C407-40F3-BB26-00964755ECF8}.AppStore|x86.Build.0 = Release|Any CPU
		{D0AA820A-C407-40F3-BB26-00964755ECF8}.Debug|Any CPU.ActiveCfg = Debug|Any CPU
		{D0AA820A-C407-40F3-BB26-00964755ECF8}.Debug|Any CPU.Build.0 = Debug|Any CPU
		{D0AA820A-C407-40F3-BB26-00964755ECF8}.Debug|ARM.ActiveCfg = Debug|Any CPU
		{D0AA820A-C407-40F3-BB26-00964755ECF8}.Debug|ARM.Build.0 = Debug|Any CPU
		{D0AA820A-C407-40F3-BB26-00964755ECF8}.Debug|iPhone.ActiveCfg = Debug|Any CPU
		{D0AA820A-C407-40F3-BB26-00964755ECF8}.Debug|iPhone.Build.0 = Debug|Any CPU
		{D0AA820A-C407-40F3-BB26-00964755ECF8}.Debug|iPhoneSimulator.ActiveCfg = Debug|Any CPU
		{D0AA820A-C407-40F3-BB26-00964755ECF8}.Debug|iPhoneSimulator.Build.0 = Debug|Any CPU
		{D0AA820A-C407-40F3-BB26-00964755ECF8}.Debug|x64.ActiveCfg = Debug|Any CPU
		{D0AA820A-C407-40F3-BB26-00964755ECF8}.Debug|x64.Build.0 = Debug|Any CPU
		{D0AA820A-C407-40F3-BB26-00964755ECF8}.Debug|x86.ActiveCfg = Debug|Any CPU
		{D0AA820A-C407-40F3-BB26-00964755ECF8}.Debug|x86.Build.0 = Debug|Any CPU
		{D0AA820A-C407-40F3-BB26-00964755ECF8}.Release|Any CPU.ActiveCfg = Release|Any CPU
		{D0AA820A-C407-40F3-BB26-00964755ECF8}.Release|Any CPU.Build.0 = Release|Any CPU
		{D0AA820A-C407-40F3-BB26-00964755ECF8}.Release|ARM.ActiveCfg = Release|Any CPU
		{D0AA820A-C407-40F3-BB26-00964755ECF8}.Release|ARM.Build.0 = Release|Any CPU
		{D0AA820A-C407-40F3-BB26-00964755ECF8}.Release|iPhone.ActiveCfg = Release|Any CPU
		{D0AA820A-C407-40F3-BB26-00964755ECF8}.Release|iPhone.Build.0 = Release|Any CPU
		{D0AA820A-C407-40F3-BB26-00964755ECF8}.Release|iPhoneSimulator.ActiveCfg = Release|Any CPU
		{D0AA820A-C407-40F3-BB26-00964755ECF8}.Release|iPhoneSimulator.Build.0 = Release|Any CPU
		{D0AA820A-C407-40F3-BB26-00964755ECF8}.Release|x64.ActiveCfg = Release|Any CPU
		{D0AA820A-C407-40F3-BB26-00964755ECF8}.Release|x64.Build.0 = Release|Any CPU
		{D0AA820A-C407-40F3-BB26-00964755ECF8}.Release|x86.ActiveCfg = Release|Any CPU
		{D0AA820A-C407-40F3-BB26-00964755ECF8}.Release|x86.Build.0 = Release|Any CPU
		{AEA573E0-B16F-48D8-A763-583CD5D692DB}.Ad-Hoc|Any CPU.ActiveCfg = Release|Any CPU
		{AEA573E0-B16F-48D8-A763-583CD5D692DB}.Ad-Hoc|Any CPU.Build.0 = Release|Any CPU
		{AEA573E0-B16F-48D8-A763-583CD5D692DB}.Ad-Hoc|Any CPU.Deploy.0 = Release|Any CPU
		{AEA573E0-B16F-48D8-A763-583CD5D692DB}.Ad-Hoc|ARM.ActiveCfg = Release|Any CPU
		{AEA573E0-B16F-48D8-A763-583CD5D692DB}.Ad-Hoc|ARM.Build.0 = Release|Any CPU
		{AEA573E0-B16F-48D8-A763-583CD5D692DB}.Ad-Hoc|ARM.Deploy.0 = Release|Any CPU
		{AEA573E0-B16F-48D8-A763-583CD5D692DB}.Ad-Hoc|iPhone.ActiveCfg = Release|Any CPU
		{AEA573E0-B16F-48D8-A763-583CD5D692DB}.Ad-Hoc|iPhone.Build.0 = Release|Any CPU
		{AEA573E0-B16F-48D8-A763-583CD5D692DB}.Ad-Hoc|iPhone.Deploy.0 = Release|Any CPU
		{AEA573E0-B16F-48D8-A763-583CD5D692DB}.Ad-Hoc|iPhoneSimulator.ActiveCfg = Release|Any CPU
		{AEA573E0-B16F-48D8-A763-583CD5D692DB}.Ad-Hoc|iPhoneSimulator.Build.0 = Release|Any CPU
		{AEA573E0-B16F-48D8-A763-583CD5D692DB}.Ad-Hoc|iPhoneSimulator.Deploy.0 = Release|Any CPU
		{AEA573E0-B16F-48D8-A763-583CD5D692DB}.Ad-Hoc|x64.ActiveCfg = Release|Any CPU
		{AEA573E0-B16F-48D8-A763-583CD5D692DB}.Ad-Hoc|x64.Build.0 = Release|Any CPU
		{AEA573E0-B16F-48D8-A763-583CD5D692DB}.Ad-Hoc|x64.Deploy.0 = Release|Any CPU
		{AEA573E0-B16F-48D8-A763-583CD5D692DB}.Ad-Hoc|x86.ActiveCfg = Release|Any CPU
		{AEA573E0-B16F-48D8-A763-583CD5D692DB}.Ad-Hoc|x86.Build.0 = Release|Any CPU
		{AEA573E0-B16F-48D8-A763-583CD5D692DB}.Ad-Hoc|x86.Deploy.0 = Release|Any CPU
		{AEA573E0-B16F-48D8-A763-583CD5D692DB}.AppStore|Any CPU.ActiveCfg = Release|Any CPU
		{AEA573E0-B16F-48D8-A763-583CD5D692DB}.AppStore|Any CPU.Build.0 = Release|Any CPU
		{AEA573E0-B16F-48D8-A763-583CD5D692DB}.AppStore|Any CPU.Deploy.0 = Release|Any CPU
		{AEA573E0-B16F-48D8-A763-583CD5D692DB}.AppStore|ARM.ActiveCfg = Release|Any CPU
		{AEA573E0-B16F-48D8-A763-583CD5D692DB}.AppStore|ARM.Build.0 = Release|Any CPU
		{AEA573E0-B16F-48D8-A763-583CD5D692DB}.AppStore|ARM.Deploy.0 = Release|Any CPU
		{AEA573E0-B16F-48D8-A763-583CD5D692DB}.AppStore|iPhone.ActiveCfg = Release|Any CPU
		{AEA573E0-B16F-48D8-A763-583CD5D692DB}.AppStore|iPhone.Build.0 = Release|Any CPU
		{AEA573E0-B16F-48D8-A763-583CD5D692DB}.AppStore|iPhone.Deploy.0 = Release|Any CPU
		{AEA573E0-B16F-48D8-A763-583CD5D692DB}.AppStore|iPhoneSimulator.ActiveCfg = Release|Any CPU
		{AEA573E0-B16F-48D8-A763-583CD5D692DB}.AppStore|iPhoneSimulator.Build.0 = Release|Any CPU
		{AEA573E0-B16F-48D8-A763-583CD5D692DB}.AppStore|iPhoneSimulator.Deploy.0 = Release|Any CPU
		{AEA573E0-B16F-48D8-A763-583CD5D692DB}.AppStore|x64.ActiveCfg = Release|Any CPU
		{AEA573E0-B16F-48D8-A763-583CD5D692DB}.AppStore|x64.Build.0 = Release|Any CPU
		{AEA573E0-B16F-48D8-A763-583CD5D692DB}.AppStore|x64.Deploy.0 = Release|Any CPU
		{AEA573E0-B16F-48D8-A763-583CD5D692DB}.AppStore|x86.ActiveCfg = Release|Any CPU
		{AEA573E0-B16F-48D8-A763-583CD5D692DB}.AppStore|x86.Build.0 = Release|Any CPU
		{AEA573E0-B16F-48D8-A763-583CD5D692DB}.AppStore|x86.Deploy.0 = Release|Any CPU
		{AEA573E0-B16F-48D8-A763-583CD5D692DB}.Debug|Any CPU.ActiveCfg = Debug|Any CPU
		{AEA573E0-B16F-48D8-A763-583CD5D692DB}.Debug|Any CPU.Build.0 = Debug|Any CPU
		{AEA573E0-B16F-48D8-A763-583CD5D692DB}.Debug|Any CPU.Deploy.0 = Debug|Any CPU
		{AEA573E0-B16F-48D8-A763-583CD5D692DB}.Debug|ARM.ActiveCfg = Debug|Any CPU
		{AEA573E0-B16F-48D8-A763-583CD5D692DB}.Debug|ARM.Build.0 = Debug|Any CPU
		{AEA573E0-B16F-48D8-A763-583CD5D692DB}.Debug|ARM.Deploy.0 = Debug|Any CPU
		{AEA573E0-B16F-48D8-A763-583CD5D692DB}.Debug|iPhone.ActiveCfg = Debug|Any CPU
		{AEA573E0-B16F-48D8-A763-583CD5D692DB}.Debug|iPhone.Build.0 = Debug|Any CPU
		{AEA573E0-B16F-48D8-A763-583CD5D692DB}.Debug|iPhone.Deploy.0 = Debug|Any CPU
		{AEA573E0-B16F-48D8-A763-583CD5D692DB}.Debug|iPhoneSimulator.ActiveCfg = Debug|Any CPU
		{AEA573E0-B16F-48D8-A763-583CD5D692DB}.Debug|iPhoneSimulator.Build.0 = Debug|Any CPU
		{AEA573E0-B16F-48D8-A763-583CD5D692DB}.Debug|iPhoneSimulator.Deploy.0 = Debug|Any CPU
		{AEA573E0-B16F-48D8-A763-583CD5D692DB}.Debug|x64.ActiveCfg = Debug|Any CPU
		{AEA573E0-B16F-48D8-A763-583CD5D692DB}.Debug|x64.Build.0 = Debug|Any CPU
		{AEA573E0-B16F-48D8-A763-583CD5D692DB}.Debug|x64.Deploy.0 = Debug|Any CPU
		{AEA573E0-B16F-48D8-A763-583CD5D692DB}.Debug|x86.ActiveCfg = Debug|Any CPU
		{AEA573E0-B16F-48D8-A763-583CD5D692DB}.Debug|x86.Build.0 = Debug|Any CPU
		{AEA573E0-B16F-48D8-A763-583CD5D692DB}.Debug|x86.Deploy.0 = Debug|Any CPU
		{AEA573E0-B16F-48D8-A763-583CD5D692DB}.Release|Any CPU.ActiveCfg = Release|Any CPU
		{AEA573E0-B16F-48D8-A763-583CD5D692DB}.Release|Any CPU.Build.0 = Release|Any CPU
		{AEA573E0-B16F-48D8-A763-583CD5D692DB}.Release|Any CPU.Deploy.0 = Release|Any CPU
		{AEA573E0-B16F-48D8-A763-583CD5D692DB}.Release|ARM.ActiveCfg = Release|Any CPU
		{AEA573E0-B16F-48D8-A763-583CD5D692DB}.Release|ARM.Build.0 = Release|Any CPU
		{AEA573E0-B16F-48D8-A763-583CD5D692DB}.Release|ARM.Deploy.0 = Release|Any CPU
		{AEA573E0-B16F-48D8-A763-583CD5D692DB}.Release|iPhone.ActiveCfg = Release|Any CPU
		{AEA573E0-B16F-48D8-A763-583CD5D692DB}.Release|iPhone.Build.0 = Release|Any CPU
		{AEA573E0-B16F-48D8-A763-583CD5D692DB}.Release|iPhone.Deploy.0 = Release|Any CPU
		{AEA573E0-B16F-48D8-A763-583CD5D692DB}.Release|iPhoneSimulator.ActiveCfg = Release|Any CPU
		{AEA573E0-B16F-48D8-A763-583CD5D692DB}.Release|iPhoneSimulator.Build.0 = Release|Any CPU
		{AEA573E0-B16F-48D8-A763-583CD5D692DB}.Release|iPhoneSimulator.Deploy.0 = Release|Any CPU
		{AEA573E0-B16F-48D8-A763-583CD5D692DB}.Release|x64.ActiveCfg = Release|Any CPU
		{AEA573E0-B16F-48D8-A763-583CD5D692DB}.Release|x64.Build.0 = Release|Any CPU
		{AEA573E0-B16F-48D8-A763-583CD5D692DB}.Release|x64.Deploy.0 = Release|Any CPU
		{AEA573E0-B16F-48D8-A763-583CD5D692DB}.Release|x86.ActiveCfg = Release|Any CPU
		{AEA573E0-B16F-48D8-A763-583CD5D692DB}.Release|x86.Build.0 = Release|Any CPU
		{AEA573E0-B16F-48D8-A763-583CD5D692DB}.Release|x86.Deploy.0 = Release|Any CPU
		{2D3716E7-55DD-4DA9-AAF9-C1F2B90085D0}.Ad-Hoc|Any CPU.ActiveCfg = Ad-Hoc|iPhone
		{2D3716E7-55DD-4DA9-AAF9-C1F2B90085D0}.Ad-Hoc|ARM.ActiveCfg = Ad-Hoc|iPhone
		{2D3716E7-55DD-4DA9-AAF9-C1F2B90085D0}.Ad-Hoc|iPhone.ActiveCfg = Ad-Hoc|iPhone
		{2D3716E7-55DD-4DA9-AAF9-C1F2B90085D0}.Ad-Hoc|iPhone.Build.0 = Ad-Hoc|iPhone
		{2D3716E7-55DD-4DA9-AAF9-C1F2B90085D0}.Ad-Hoc|iPhoneSimulator.ActiveCfg = Ad-Hoc|iPhoneSimulator
		{2D3716E7-55DD-4DA9-AAF9-C1F2B90085D0}.Ad-Hoc|iPhoneSimulator.Build.0 = Ad-Hoc|iPhoneSimulator
		{2D3716E7-55DD-4DA9-AAF9-C1F2B90085D0}.Ad-Hoc|x64.ActiveCfg = Ad-Hoc|iPhone
		{2D3716E7-55DD-4DA9-AAF9-C1F2B90085D0}.Ad-Hoc|x86.ActiveCfg = Ad-Hoc|iPhone
		{2D3716E7-55DD-4DA9-AAF9-C1F2B90085D0}.AppStore|Any CPU.ActiveCfg = AppStore|iPhone
		{2D3716E7-55DD-4DA9-AAF9-C1F2B90085D0}.AppStore|ARM.ActiveCfg = AppStore|iPhone
		{2D3716E7-55DD-4DA9-AAF9-C1F2B90085D0}.AppStore|iPhone.ActiveCfg = AppStore|iPhone
		{2D3716E7-55DD-4DA9-AAF9-C1F2B90085D0}.AppStore|iPhone.Build.0 = AppStore|iPhone
		{2D3716E7-55DD-4DA9-AAF9-C1F2B90085D0}.AppStore|iPhoneSimulator.ActiveCfg = AppStore|iPhoneSimulator
		{2D3716E7-55DD-4DA9-AAF9-C1F2B90085D0}.AppStore|iPhoneSimulator.Build.0 = AppStore|iPhoneSimulator
		{2D3716E7-55DD-4DA9-AAF9-C1F2B90085D0}.AppStore|x64.ActiveCfg = AppStore|iPhone
		{2D3716E7-55DD-4DA9-AAF9-C1F2B90085D0}.AppStore|x86.ActiveCfg = AppStore|iPhone
		{2D3716E7-55DD-4DA9-AAF9-C1F2B90085D0}.Debug|Any CPU.ActiveCfg = Debug|iPhone
		{2D3716E7-55DD-4DA9-AAF9-C1F2B90085D0}.Debug|ARM.ActiveCfg = Debug|iPhone
		{2D3716E7-55DD-4DA9-AAF9-C1F2B90085D0}.Debug|iPhone.ActiveCfg = Debug|iPhone
		{2D3716E7-55DD-4DA9-AAF9-C1F2B90085D0}.Debug|iPhone.Build.0 = Debug|iPhone
		{2D3716E7-55DD-4DA9-AAF9-C1F2B90085D0}.Debug|iPhoneSimulator.ActiveCfg = Debug|iPhoneSimulator
		{2D3716E7-55DD-4DA9-AAF9-C1F2B90085D0}.Debug|iPhoneSimulator.Build.0 = Debug|iPhoneSimulator
		{2D3716E7-55DD-4DA9-AAF9-C1F2B90085D0}.Debug|x64.ActiveCfg = Debug|iPhone
		{2D3716E7-55DD-4DA9-AAF9-C1F2B90085D0}.Debug|x86.ActiveCfg = Debug|iPhone
		{2D3716E7-55DD-4DA9-AAF9-C1F2B90085D0}.Release|Any CPU.ActiveCfg = Release|iPhone
		{2D3716E7-55DD-4DA9-AAF9-C1F2B90085D0}.Release|ARM.ActiveCfg = Release|iPhone
		{2D3716E7-55DD-4DA9-AAF9-C1F2B90085D0}.Release|iPhone.ActiveCfg = Release|iPhone
		{2D3716E7-55DD-4DA9-AAF9-C1F2B90085D0}.Release|iPhone.Build.0 = Release|iPhone
		{2D3716E7-55DD-4DA9-AAF9-C1F2B90085D0}.Release|iPhoneSimulator.ActiveCfg = Release|iPhoneSimulator
		{2D3716E7-55DD-4DA9-AAF9-C1F2B90085D0}.Release|iPhoneSimulator.Build.0 = Release|iPhoneSimulator
		{2D3716E7-55DD-4DA9-AAF9-C1F2B90085D0}.Release|x64.ActiveCfg = Release|iPhone
		{2D3716E7-55DD-4DA9-AAF9-C1F2B90085D0}.Release|x86.ActiveCfg = Release|iPhone
		{40D7897D-722D-46C2-AA38-FB9954518647}.Ad-Hoc|Any CPU.ActiveCfg = Release|Any CPU
		{40D7897D-722D-46C2-AA38-FB9954518647}.Ad-Hoc|Any CPU.Build.0 = Release|Any CPU
		{40D7897D-722D-46C2-AA38-FB9954518647}.Ad-Hoc|Any CPU.Deploy.0 = Release|Any CPU
		{40D7897D-722D-46C2-AA38-FB9954518647}.Ad-Hoc|ARM.ActiveCfg = Release|ARM
		{40D7897D-722D-46C2-AA38-FB9954518647}.Ad-Hoc|ARM.Build.0 = Release|ARM
		{40D7897D-722D-46C2-AA38-FB9954518647}.Ad-Hoc|ARM.Deploy.0 = Release|ARM
		{40D7897D-722D-46C2-AA38-FB9954518647}.Ad-Hoc|iPhone.ActiveCfg = Release|Any CPU
		{40D7897D-722D-46C2-AA38-FB9954518647}.Ad-Hoc|iPhone.Build.0 = Release|Any CPU
		{40D7897D-722D-46C2-AA38-FB9954518647}.Ad-Hoc|iPhone.Deploy.0 = Release|Any CPU
		{40D7897D-722D-46C2-AA38-FB9954518647}.Ad-Hoc|iPhoneSimulator.ActiveCfg = Release|Any CPU
		{40D7897D-722D-46C2-AA38-FB9954518647}.Ad-Hoc|iPhoneSimulator.Build.0 = Release|Any CPU
		{40D7897D-722D-46C2-AA38-FB9954518647}.Ad-Hoc|iPhoneSimulator.Deploy.0 = Release|Any CPU
		{40D7897D-722D-46C2-AA38-FB9954518647}.Ad-Hoc|x64.ActiveCfg = Release|Any CPU
		{40D7897D-722D-46C2-AA38-FB9954518647}.Ad-Hoc|x64.Build.0 = Release|Any CPU
		{40D7897D-722D-46C2-AA38-FB9954518647}.Ad-Hoc|x64.Deploy.0 = Release|Any CPU
		{40D7897D-722D-46C2-AA38-FB9954518647}.Ad-Hoc|x86.ActiveCfg = Release|x86
		{40D7897D-722D-46C2-AA38-FB9954518647}.Ad-Hoc|x86.Build.0 = Release|x86
		{40D7897D-722D-46C2-AA38-FB9954518647}.Ad-Hoc|x86.Deploy.0 = Release|x86
		{40D7897D-722D-46C2-AA38-FB9954518647}.AppStore|Any CPU.ActiveCfg = Release|Any CPU
		{40D7897D-722D-46C2-AA38-FB9954518647}.AppStore|Any CPU.Build.0 = Release|Any CPU
		{40D7897D-722D-46C2-AA38-FB9954518647}.AppStore|Any CPU.Deploy.0 = Release|Any CPU
		{40D7897D-722D-46C2-AA38-FB9954518647}.AppStore|ARM.ActiveCfg = Release|ARM
		{40D7897D-722D-46C2-AA38-FB9954518647}.AppStore|ARM.Build.0 = Release|ARM
		{40D7897D-722D-46C2-AA38-FB9954518647}.AppStore|ARM.Deploy.0 = Release|ARM
		{40D7897D-722D-46C2-AA38-FB9954518647}.AppStore|iPhone.ActiveCfg = Release|Any CPU
		{40D7897D-722D-46C2-AA38-FB9954518647}.AppStore|iPhone.Build.0 = Release|Any CPU
		{40D7897D-722D-46C2-AA38-FB9954518647}.AppStore|iPhone.Deploy.0 = Release|Any CPU
		{40D7897D-722D-46C2-AA38-FB9954518647}.AppStore|iPhoneSimulator.ActiveCfg = Release|Any CPU
		{40D7897D-722D-46C2-AA38-FB9954518647}.AppStore|iPhoneSimulator.Build.0 = Release|Any CPU
		{40D7897D-722D-46C2-AA38-FB9954518647}.AppStore|iPhoneSimulator.Deploy.0 = Release|Any CPU
		{40D7897D-722D-46C2-AA38-FB9954518647}.AppStore|x64.ActiveCfg = Release|Any CPU
		{40D7897D-722D-46C2-AA38-FB9954518647}.AppStore|x64.Build.0 = Release|Any CPU
		{40D7897D-722D-46C2-AA38-FB9954518647}.AppStore|x64.Deploy.0 = Release|Any CPU
		{40D7897D-722D-46C2-AA38-FB9954518647}.AppStore|x86.ActiveCfg = Release|x86
		{40D7897D-722D-46C2-AA38-FB9954518647}.AppStore|x86.Build.0 = Release|x86
		{40D7897D-722D-46C2-AA38-FB9954518647}.AppStore|x86.Deploy.0 = Release|x86
		{40D7897D-722D-46C2-AA38-FB9954518647}.Debug|Any CPU.ActiveCfg = Debug|Any CPU
		{40D7897D-722D-46C2-AA38-FB9954518647}.Debug|Any CPU.Build.0 = Debug|Any CPU
		{40D7897D-722D-46C2-AA38-FB9954518647}.Debug|Any CPU.Deploy.0 = Debug|Any CPU
		{40D7897D-722D-46C2-AA38-FB9954518647}.Debug|ARM.ActiveCfg = Debug|ARM
		{40D7897D-722D-46C2-AA38-FB9954518647}.Debug|ARM.Build.0 = Debug|ARM
		{40D7897D-722D-46C2-AA38-FB9954518647}.Debug|ARM.Deploy.0 = Debug|ARM
		{40D7897D-722D-46C2-AA38-FB9954518647}.Debug|iPhone.ActiveCfg = Debug|Any CPU
		{40D7897D-722D-46C2-AA38-FB9954518647}.Debug|iPhone.Build.0 = Debug|Any CPU
		{40D7897D-722D-46C2-AA38-FB9954518647}.Debug|iPhone.Deploy.0 = Debug|Any CPU
		{40D7897D-722D-46C2-AA38-FB9954518647}.Debug|iPhoneSimulator.ActiveCfg = Debug|Any CPU
		{40D7897D-722D-46C2-AA38-FB9954518647}.Debug|iPhoneSimulator.Build.0 = Debug|Any CPU
		{40D7897D-722D-46C2-AA38-FB9954518647}.Debug|iPhoneSimulator.Deploy.0 = Debug|Any CPU
		{40D7897D-722D-46C2-AA38-FB9954518647}.Debug|x64.ActiveCfg = Debug|Any CPU
		{40D7897D-722D-46C2-AA38-FB9954518647}.Debug|x64.Build.0 = Debug|Any CPU
		{40D7897D-722D-46C2-AA38-FB9954518647}.Debug|x64.Deploy.0 = Debug|Any CPU
		{40D7897D-722D-46C2-AA38-FB9954518647}.Debug|x86.ActiveCfg = Debug|x86
		{40D7897D-722D-46C2-AA38-FB9954518647}.Debug|x86.Build.0 = Debug|x86
		{40D7897D-722D-46C2-AA38-FB9954518647}.Debug|x86.Deploy.0 = Debug|x86
		{40D7897D-722D-46C2-AA38-FB9954518647}.Release|Any CPU.ActiveCfg = Release|Any CPU
		{40D7897D-722D-46C2-AA38-FB9954518647}.Release|Any CPU.Build.0 = Release|Any CPU
		{40D7897D-722D-46C2-AA38-FB9954518647}.Release|Any CPU.Deploy.0 = Release|Any CPU
		{40D7897D-722D-46C2-AA38-FB9954518647}.Release|ARM.ActiveCfg = Release|ARM
		{40D7897D-722D-46C2-AA38-FB9954518647}.Release|ARM.Build.0 = Release|ARM
		{40D7897D-722D-46C2-AA38-FB9954518647}.Release|ARM.Deploy.0 = Release|ARM
		{40D7897D-722D-46C2-AA38-FB9954518647}.Release|iPhone.ActiveCfg = Release|Any CPU
		{40D7897D-722D-46C2-AA38-FB9954518647}.Release|iPhone.Build.0 = Release|Any CPU
		{40D7897D-722D-46C2-AA38-FB9954518647}.Release|iPhone.Deploy.0 = Release|Any CPU
		{40D7897D-722D-46C2-AA38-FB9954518647}.Release|iPhoneSimulator.ActiveCfg = Release|Any CPU
		{40D7897D-722D-46C2-AA38-FB9954518647}.Release|iPhoneSimulator.Build.0 = Release|Any CPU
		{40D7897D-722D-46C2-AA38-FB9954518647}.Release|iPhoneSimulator.Deploy.0 = Release|Any CPU
		{40D7897D-722D-46C2-AA38-FB9954518647}.Release|x64.ActiveCfg = Release|Any CPU
		{40D7897D-722D-46C2-AA38-FB9954518647}.Release|x64.Build.0 = Release|Any CPU
		{40D7897D-722D-46C2-AA38-FB9954518647}.Release|x64.Deploy.0 = Release|Any CPU
		{40D7897D-722D-46C2-AA38-FB9954518647}.Release|x86.ActiveCfg = Release|x86
		{40D7897D-722D-46C2-AA38-FB9954518647}.Release|x86.Build.0 = Release|x86
		{40D7897D-722D-46C2-AA38-FB9954518647}.Release|x86.Deploy.0 = Release|x86
		{163B29DB-49FD-466A-AC34-01BDCB8C20FB}.Ad-Hoc|Any CPU.ActiveCfg = Release|Any CPU
		{163B29DB-49FD-466A-AC34-01BDCB8C20FB}.Ad-Hoc|Any CPU.Build.0 = Release|Any CPU
		{163B29DB-49FD-466A-AC34-01BDCB8C20FB}.Ad-Hoc|Any CPU.Deploy.0 = Release|Any CPU
		{163B29DB-49FD-466A-AC34-01BDCB8C20FB}.Ad-Hoc|ARM.ActiveCfg = Release|ARM
		{163B29DB-49FD-466A-AC34-01BDCB8C20FB}.Ad-Hoc|ARM.Build.0 = Release|ARM
		{163B29DB-49FD-466A-AC34-01BDCB8C20FB}.Ad-Hoc|ARM.Deploy.0 = Release|ARM
		{163B29DB-49FD-466A-AC34-01BDCB8C20FB}.Ad-Hoc|iPhone.ActiveCfg = Release|Any CPU
		{163B29DB-49FD-466A-AC34-01BDCB8C20FB}.Ad-Hoc|iPhone.Build.0 = Release|Any CPU
		{163B29DB-49FD-466A-AC34-01BDCB8C20FB}.Ad-Hoc|iPhone.Deploy.0 = Release|Any CPU
		{163B29DB-49FD-466A-AC34-01BDCB8C20FB}.Ad-Hoc|iPhoneSimulator.ActiveCfg = Release|Any CPU
		{163B29DB-49FD-466A-AC34-01BDCB8C20FB}.Ad-Hoc|iPhoneSimulator.Build.0 = Release|Any CPU
		{163B29DB-49FD-466A-AC34-01BDCB8C20FB}.Ad-Hoc|iPhoneSimulator.Deploy.0 = Release|Any CPU
		{163B29DB-49FD-466A-AC34-01BDCB8C20FB}.Ad-Hoc|x64.ActiveCfg = Release|x64
		{163B29DB-49FD-466A-AC34-01BDCB8C20FB}.Ad-Hoc|x64.Build.0 = Release|x64
		{163B29DB-49FD-466A-AC34-01BDCB8C20FB}.Ad-Hoc|x64.Deploy.0 = Release|x64
		{163B29DB-49FD-466A-AC34-01BDCB8C20FB}.Ad-Hoc|x86.ActiveCfg = Release|x86
		{163B29DB-49FD-466A-AC34-01BDCB8C20FB}.Ad-Hoc|x86.Build.0 = Release|x86
		{163B29DB-49FD-466A-AC34-01BDCB8C20FB}.Ad-Hoc|x86.Deploy.0 = Release|x86
		{163B29DB-49FD-466A-AC34-01BDCB8C20FB}.AppStore|Any CPU.ActiveCfg = Release|Any CPU
		{163B29DB-49FD-466A-AC34-01BDCB8C20FB}.AppStore|Any CPU.Build.0 = Release|Any CPU
		{163B29DB-49FD-466A-AC34-01BDCB8C20FB}.AppStore|Any CPU.Deploy.0 = Release|Any CPU
		{163B29DB-49FD-466A-AC34-01BDCB8C20FB}.AppStore|ARM.ActiveCfg = Release|ARM
		{163B29DB-49FD-466A-AC34-01BDCB8C20FB}.AppStore|ARM.Build.0 = Release|ARM
		{163B29DB-49FD-466A-AC34-01BDCB8C20FB}.AppStore|ARM.Deploy.0 = Release|ARM
		{163B29DB-49FD-466A-AC34-01BDCB8C20FB}.AppStore|iPhone.ActiveCfg = Release|Any CPU
		{163B29DB-49FD-466A-AC34-01BDCB8C20FB}.AppStore|iPhone.Build.0 = Release|Any CPU
		{163B29DB-49FD-466A-AC34-01BDCB8C20FB}.AppStore|iPhone.Deploy.0 = Release|Any CPU
		{163B29DB-49FD-466A-AC34-01BDCB8C20FB}.AppStore|iPhoneSimulator.ActiveCfg = Release|Any CPU
		{163B29DB-49FD-466A-AC34-01BDCB8C20FB}.AppStore|iPhoneSimulator.Build.0 = Release|Any CPU
		{163B29DB-49FD-466A-AC34-01BDCB8C20FB}.AppStore|iPhoneSimulator.Deploy.0 = Release|Any CPU
		{163B29DB-49FD-466A-AC34-01BDCB8C20FB}.AppStore|x64.ActiveCfg = Release|x64
		{163B29DB-49FD-466A-AC34-01BDCB8C20FB}.AppStore|x64.Build.0 = Release|x64
		{163B29DB-49FD-466A-AC34-01BDCB8C20FB}.AppStore|x64.Deploy.0 = Release|x64
		{163B29DB-49FD-466A-AC34-01BDCB8C20FB}.AppStore|x86.ActiveCfg = Release|x86
		{163B29DB-49FD-466A-AC34-01BDCB8C20FB}.AppStore|x86.Build.0 = Release|x86
		{163B29DB-49FD-466A-AC34-01BDCB8C20FB}.AppStore|x86.Deploy.0 = Release|x86
		{163B29DB-49FD-466A-AC34-01BDCB8C20FB}.Debug|Any CPU.ActiveCfg = Debug|Any CPU
		{163B29DB-49FD-466A-AC34-01BDCB8C20FB}.Debug|Any CPU.Build.0 = Debug|Any CPU
		{163B29DB-49FD-466A-AC34-01BDCB8C20FB}.Debug|Any CPU.Deploy.0 = Debug|Any CPU
		{163B29DB-49FD-466A-AC34-01BDCB8C20FB}.Debug|ARM.ActiveCfg = Debug|ARM
		{163B29DB-49FD-466A-AC34-01BDCB8C20FB}.Debug|ARM.Build.0 = Debug|ARM
		{163B29DB-49FD-466A-AC34-01BDCB8C20FB}.Debug|ARM.Deploy.0 = Debug|ARM
		{163B29DB-49FD-466A-AC34-01BDCB8C20FB}.Debug|iPhone.ActiveCfg = Debug|Any CPU
		{163B29DB-49FD-466A-AC34-01BDCB8C20FB}.Debug|iPhone.Build.0 = Debug|Any CPU
		{163B29DB-49FD-466A-AC34-01BDCB8C20FB}.Debug|iPhone.Deploy.0 = Debug|Any CPU
		{163B29DB-49FD-466A-AC34-01BDCB8C20FB}.Debug|iPhoneSimulator.ActiveCfg = Debug|Any CPU
		{163B29DB-49FD-466A-AC34-01BDCB8C20FB}.Debug|iPhoneSimulator.Build.0 = Debug|Any CPU
		{163B29DB-49FD-466A-AC34-01BDCB8C20FB}.Debug|iPhoneSimulator.Deploy.0 = Debug|Any CPU
		{163B29DB-49FD-466A-AC34-01BDCB8C20FB}.Debug|x64.ActiveCfg = Debug|x64
		{163B29DB-49FD-466A-AC34-01BDCB8C20FB}.Debug|x64.Build.0 = Debug|x64
		{163B29DB-49FD-466A-AC34-01BDCB8C20FB}.Debug|x64.Deploy.0 = Debug|x64
		{163B29DB-49FD-466A-AC34-01BDCB8C20FB}.Debug|x86.ActiveCfg = Debug|x86
		{163B29DB-49FD-466A-AC34-01BDCB8C20FB}.Debug|x86.Build.0 = Debug|x86
		{163B29DB-49FD-466A-AC34-01BDCB8C20FB}.Debug|x86.Deploy.0 = Debug|x86
		{163B29DB-49FD-466A-AC34-01BDCB8C20FB}.Release|Any CPU.ActiveCfg = Release|Any CPU
		{163B29DB-49FD-466A-AC34-01BDCB8C20FB}.Release|Any CPU.Build.0 = Release|Any CPU
		{163B29DB-49FD-466A-AC34-01BDCB8C20FB}.Release|Any CPU.Deploy.0 = Release|Any CPU
		{163B29DB-49FD-466A-AC34-01BDCB8C20FB}.Release|ARM.ActiveCfg = Release|ARM
		{163B29DB-49FD-466A-AC34-01BDCB8C20FB}.Release|ARM.Build.0 = Release|ARM
		{163B29DB-49FD-466A-AC34-01BDCB8C20FB}.Release|ARM.Deploy.0 = Release|ARM
		{163B29DB-49FD-466A-AC34-01BDCB8C20FB}.Release|iPhone.ActiveCfg = Release|Any CPU
		{163B29DB-49FD-466A-AC34-01BDCB8C20FB}.Release|iPhone.Build.0 = Release|Any CPU
		{163B29DB-49FD-466A-AC34-01BDCB8C20FB}.Release|iPhone.Deploy.0 = Release|Any CPU
		{163B29DB-49FD-466A-AC34-01BDCB8C20FB}.Release|iPhoneSimulator.ActiveCfg = Release|Any CPU
		{163B29DB-49FD-466A-AC34-01BDCB8C20FB}.Release|iPhoneSimulator.Build.0 = Release|Any CPU
		{163B29DB-49FD-466A-AC34-01BDCB8C20FB}.Release|iPhoneSimulator.Deploy.0 = Release|Any CPU
		{163B29DB-49FD-466A-AC34-01BDCB8C20FB}.Release|x64.ActiveCfg = Release|x64
		{163B29DB-49FD-466A-AC34-01BDCB8C20FB}.Release|x64.Build.0 = Release|x64
		{163B29DB-49FD-466A-AC34-01BDCB8C20FB}.Release|x64.Deploy.0 = Release|x64
		{163B29DB-49FD-466A-AC34-01BDCB8C20FB}.Release|x86.ActiveCfg = Release|x86
		{163B29DB-49FD-466A-AC34-01BDCB8C20FB}.Release|x86.Build.0 = Release|x86
		{163B29DB-49FD-466A-AC34-01BDCB8C20FB}.Release|x86.Deploy.0 = Release|x86
	EndGlobalSection
	GlobalSection(SolutionProperties) = preSolution
		HideSolutionNode = FALSE
	EndGlobalSection
EndGlobal
